// !$*UTF8*$!
{
	archiveVersion = 1;
	classes = {
	};
	objectVersion = 46;
	objects = {

/* Begin PBXBuildFile section */
		737AE14C1C5FEBBE00682DD8 /* main.m in Sources */ = {isa = PBXBuildFile; fileRef = 737AE14B1C5FEBBE00682DD8 /* main.m */; };
		737AE14F1C5FEBBE00682DD8 /* AppDelegate.m in Sources */ = {isa = PBXBuildFile; fileRef = 737AE14E1C5FEBBE00682DD8 /* AppDelegate.m */; };
		737AE1521C5FEBBE00682DD8 /* ViewController.m in Sources */ = {isa = PBXBuildFile; fileRef = 737AE1511C5FEBBE00682DD8 /* ViewController.m */; };
		737AE1551C5FEBBE00682DD8 /* Main.storyboard in Resources */ = {isa = PBXBuildFile; fileRef = 737AE1531C5FEBBE00682DD8 /* Main.storyboard */; };
		737AE1571C5FEBBE00682DD8 /* Assets.xcassets in Resources */ = {isa = PBXBuildFile; fileRef = 737AE1561C5FEBBE00682DD8 /* Assets.xcassets */; };
		737AE15A1C5FEBBE00682DD8 /* LaunchScreen.storyboard in Resources */ = {isa = PBXBuildFile; fileRef = 737AE1581C5FEBBE00682DD8 /* LaunchScreen.storyboard */; };
		737AE1651C5FEBBF00682DD8 /* WebView_Changing_Sites_with_SegmentedControlTests.m in Sources */ = {isa = PBXBuildFile; fileRef = 737AE1641C5FEBBF00682DD8 /* WebView_Changing_Sites_with_SegmentedControlTests.m */; };
		737AE1701C5FEBBF00682DD8 /* WebView_Changing_Sites_with_SegmentedControlUITests.m in Sources */ = {isa = PBXBuildFile; fileRef = 737AE16F1C5FEBBF00682DD8 /* WebView_Changing_Sites_with_SegmentedControlUITests.m */; };
/* End PBXBuildFile section */

/* Begin PBXContainerItemProxy section */
		737AE1611C5FEBBF00682DD8 /* PBXContainerItemProxy */ = {
			isa = PBXContainerItemProxy;
			containerPortal = 737AE13F1C5FEBBE00682DD8 /* Project object */;
			proxyType = 1;
			remoteGlobalIDString = 737AE1461C5FEBBE00682DD8;
			remoteInfo = "WebView Changing Sites with SegmentedControl";
		};
		737AE16C1C5FEBBF00682DD8 /* PBXContainerItemProxy */ = {
			isa = PBXContainerItemProxy;
			containerPortal = 737AE13F1C5FEBBE00682DD8 /* Project object */;
			proxyType = 1;
			remoteGlobalIDString = 737AE1461C5FEBBE00682DD8;
			remoteInfo = "WebView Changing Sites with SegmentedControl";
		};
/* End PBXContainerItemProxy section */

/* Begin PBXFileReference section */
		737AE1471C5FEBBE00682DD8 /* WebView Changing Sites with SegmentedControl.app */ = {isa = PBXFileReference; explicitFileType = wrapper.application; includeInIndex = 0; path = "WebView Changing Sites with SegmentedControl.app"; sourceTree = BUILT_PRODUCTS_DIR; };
		737AE14B1C5FEBBE00682DD8 /* main.m */ = {isa = PBXFileReference; lastKnownFileType = sourcecode.c.objc; path = main.m; sourceTree = "<group>"; };
		737AE14D1C5FEBBE00682DD8 /* AppDelegate.h */ = {isa = PBXFileReference; lastKnownFileType = sourcecode.c.h; path = AppDelegate.h; sourceTree = "<group>"; };
		737AE14E1C5FEBBE00682DD8 /* AppDelegate.m */ = {isa = PBXFileReference; lastKnownFileType = sourcecode.c.objc; path = AppDelegate.m; sourceTree = "<group>"; };
		737AE1501C5FEBBE00682DD8 /* ViewController.h */ = {isa = PBXFileReference; lastKnownFileType = sourcecode.c.h; path = ViewController.h; sourceTree = "<group>"; };
		737AE1511C5FEBBE00682DD8 /* ViewController.m */ = {isa = PBXFileReference; lastKnownFileType = sourcecode.c.objc; path = ViewController.m; sourceTree = "<group>"; };
		737AE1541C5FEBBE00682DD8 /* Base */ = {isa = PBXFileReference; lastKnownFileType = file.storyboard; name = Base; path = Base.lproj/Main.storyboard; sourceTree = "<group>"; };
		737AE1561C5FEBBE00682DD8 /* Assets.xcassets */ = {isa = PBXFileReference; lastKnownFileType = folder.assetcatalog; path = Assets.xcassets; sourceTree = "<group>"; };
		737AE1591C5FEBBE00682DD8 /* Base */ = {isa = PBXFileReference; lastKnownFileType = file.storyboard; name = Base; path = Base.lproj/LaunchScreen.storyboard; sourceTree = "<group>"; };
		737AE15B1C5FEBBF00682DD8 /* Info.plist */ = {isa = PBXFileReference; lastKnownFileType = text.plist.xml; path = Info.plist; sourceTree = "<group>"; };
		737AE1601C5FEBBF00682DD8 /* WebView Changing Sites with SegmentedControlTests.xctest */ = {isa = PBXFileReference; explicitFileType = wrapper.cfbundle; includeInIndex = 0; path = "WebView Changing Sites with SegmentedControlTests.xctest"; sourceTree = BUILT_PRODUCTS_DIR; };
		737AE1641C5FEBBF00682DD8 /* WebView_Changing_Sites_with_SegmentedControlTests.m */ = {isa = PBXFileReference; lastKnownFileType = sourcecode.c.objc; path = WebView_Changing_Sites_with_SegmentedControlTests.m; sourceTree = "<group>"; };
		737AE1661C5FEBBF00682DD8 /* Info.plist */ = {isa = PBXFileReference; lastKnownFileType = text.plist.xml; path = Info.plist; sourceTree = "<group>"; };
		737AE16B1C5FEBBF00682DD8 /* WebView Changing Sites with SegmentedControlUITests.xctest */ = {isa = PBXFileReference; explicitFileType = wrapper.cfbundle; includeInIndex = 0; path = "WebView Changing Sites with SegmentedControlUITests.xctest"; sourceTree = BUILT_PRODUCTS_DIR; };
		737AE16F1C5FEBBF00682DD8 /* WebView_Changing_Sites_with_SegmentedControlUITests.m */ = {isa = PBXFileReference; lastKnownFileType = sourcecode.c.objc; path = WebView_Changing_Sites_with_SegmentedControlUITests.m; sourceTree = "<group>"; };
		737AE1711C5FEBBF00682DD8 /* Info.plist */ = {isa = PBXFileReference; lastKnownFileType = text.plist.xml; path = Info.plist; sourceTree = "<group>"; };
/* End PBXFileReference section */

/* Begin PBXFrameworksBuildPhase section */
		737AE1441C5FEBBE00682DD8 /* Frameworks */ = {
			isa = PBXFrameworksBuildPhase;
			buildActionMask = 2147483647;
			files = (
			);
			runOnlyForDeploymentPostprocessing = 0;
		};
		737AE15D1C5FEBBF00682DD8 /* Frameworks */ = {
			isa = PBXFrameworksBuildPhase;
			buildActionMask = 2147483647;
			files = (
			);
			runOnlyForDeploymentPostprocessing = 0;
		};
		737AE1681C5FEBBF00682DD8 /* Frameworks */ = {
			isa = PBXFrameworksBuildPhase;
			buildActionMask = 2147483647;
			files = (
			);
			runOnlyForDeploymentPostprocessing = 0;
		};
/* End PBXFrameworksBuildPhase section */

/* Begin PBXGroup section */
		737AE13E1C5FEBBE00682DD8 = {
			isa = PBXGroup;
			children = (
				737AE1491C5FEBBE00682DD8 /* WebView Changing Sites with SegmentedControl */,
				737AE1631C5FEBBF00682DD8 /* WebView Changing Sites with SegmentedControlTests */,
				737AE16E1C5FEBBF00682DD8 /* WebView Changing Sites with SegmentedControlUITests */,
				737AE1481C5FEBBE00682DD8 /* Products */,
			);
			sourceTree = "<group>";
		};
		737AE1481C5FEBBE00682DD8 /* Products */ = {
			isa = PBXGroup;
			children = (
				737AE1471C5FEBBE00682DD8 /* WebView Changing Sites with SegmentedControl.app */,
				737AE1601C5FEBBF00682DD8 /* WebView Changing Sites with SegmentedControlTests.xctest */,
				737AE16B1C5FEBBF00682DD8 /* WebView Changing Sites with SegmentedControlUITests.xctest */,
			);
			name = Products;
			sourceTree = "<group>";
		};
		737AE1491C5FEBBE00682DD8 /* WebView Changing Sites with SegmentedControl */ = {
			isa = PBXGroup;
			children = (
				737AE14D1C5FEBBE00682DD8 /* AppDelegate.h */,
				737AE14E1C5FEBBE00682DD8 /* AppDelegate.m */,
				737AE1501C5FEBBE00682DD8 /* ViewController.h */,
				737AE1511C5FEBBE00682DD8 /* ViewController.m */,
				737AE1531C5FEBBE00682DD8 /* Main.storyboard */,
				737AE1561C5FEBBE00682DD8 /* Assets.xcassets */,
				737AE1581C5FEBBE00682DD8 /* LaunchScreen.storyboard */,
				737AE15B1C5FEBBF00682DD8 /* Info.plist */,
				737AE14A1C5FEBBE00682DD8 /* Supporting Files */,
			);
			path = "WebView Changing Sites with SegmentedControl";
			sourceTree = "<group>";
		};
		737AE14A1C5FEBBE00682DD8 /* Supporting Files */ = {
			isa = PBXGroup;
			children = (
				737AE14B1C5FEBBE00682DD8 /* main.m */,
			);
			name = "Supporting Files";
			sourceTree = "<group>";
		};
		737AE1631C5FEBBF00682DD8 /* WebView Changing Sites with SegmentedControlTests */ = {
			isa = PBXGroup;
			children = (
				737AE1641C5FEBBF00682DD8 /* WebView_Changing_Sites_with_SegmentedControlTests.m */,
				737AE1661C5FEBBF00682DD8 /* Info.plist */,
			);
			path = "WebView Changing Sites with SegmentedControlTests";
			sourceTree = "<group>";
		};
		737AE16E1C5FEBBF00682DD8 /* WebView Changing Sites with SegmentedControlUITests */ = {
			isa = PBXGroup;
			children = (
				737AE16F1C5FEBBF00682DD8 /* WebView_Changing_Sites_with_SegmentedControlUITests.m */,
				737AE1711C5FEBBF00682DD8 /* Info.plist */,
			);
			path = "WebView Changing Sites with SegmentedControlUITests";
			sourceTree = "<group>";
		};
/* End PBXGroup section */

/* Begin PBXNativeTarget section */
		737AE1461C5FEBBE00682DD8 /* WebView Changing Sites with SegmentedControl */ = {
			isa = PBXNativeTarget;
			buildConfigurationList = 737AE1741C5FEBBF00682DD8 /* Build configuration list for PBXNativeTarget "WebView Changing Sites with SegmentedControl" */;
			buildPhases = (
				737AE1431C5FEBBE00682DD8 /* Sources */,
				737AE1441C5FEBBE00682DD8 /* Frameworks */,
				737AE1451C5FEBBE00682DD8 /* Resources */,
			);
			buildRules = (
			);
			dependencies = (
			);
			name = "WebView Changing Sites with SegmentedControl";
			productName = "WebView Changing Sites with SegmentedControl";
			productReference = 737AE1471C5FEBBE00682DD8 /* WebView Changing Sites with SegmentedControl.app */;
			productType = "com.apple.product-type.application";
		};
		737AE15F1C5FEBBF00682DD8 /* WebView Changing Sites with SegmentedControlTests */ = {
			isa = PBXNativeTarget;
			buildConfigurationList = 737AE1771C5FEBBF00682DD8 /* Build configuration list for PBXNativeTarget "WebView Changing Sites with SegmentedControlTests" */;
			buildPhases = (
				737AE15C1C5FEBBF00682DD8 /* Sources */,
				737AE15D1C5FEBBF00682DD8 /* Frameworks */,
				737AE15E1C5FEBBF00682DD8 /* Resources */,
			);
			buildRules = (
			);
			dependencies = (
				737AE1621C5FEBBF00682DD8 /* PBXTargetDependency */,
			);
			name = "WebView Changing Sites with SegmentedControlTests";
			productName = "WebView Changing Sites with SegmentedControlTests";
			productReference = 737AE1601C5FEBBF00682DD8 /* WebView Changing Sites with SegmentedControlTests.xctest */;
			productType = "com.apple.product-type.bundle.unit-test";
		};
		737AE16A1C5FEBBF00682DD8 /* WebView Changing Sites with SegmentedControlUITests */ = {
			isa = PBXNativeTarget;
			buildConfigurationList = 737AE17A1C5FEBBF00682DD8 /* Build configuration list for PBXNativeTarget "WebView Changing Sites with SegmentedControlUITests" */;
			buildPhases = (
				737AE1671C5FEBBF00682DD8 /* Sources */,
				737AE1681C5FEBBF00682DD8 /* Frameworks */,
				737AE1691C5FEBBF00682DD8 /* Resources */,
			);
			buildRules = (
			);
			dependencies = (
				737AE16D1C5FEBBF00682DD8 /* PBXTargetDependency */,
			);
			name = "WebView Changing Sites with SegmentedControlUITests";
			productName = "WebView Changing Sites with SegmentedControlUITests";
			productReference = 737AE16B1C5FEBBF00682DD8 /* WebView Changing Sites with SegmentedControlUITests.xctest */;
			productType = "com.apple.product-type.bundle.ui-testing";
		};
/* End PBXNativeTarget section */

/* Begin PBXProject section */
		737AE13F1C5FEBBE00682DD8 /* Project object */ = {
			isa = PBXProject;
			attributes = {
				LastUpgradeCheck = 0720;
				ORGANIZATIONNAME = "Aland Kawa";
				TargetAttributes = {
					737AE1461C5FEBBE00682DD8 = {
						CreatedOnToolsVersion = 7.2;
						DevelopmentTeam = FNKS3UM2FT;
					};
					737AE15F1C5FEBBF00682DD8 = {
						CreatedOnToolsVersion = 7.2;
						DevelopmentTeam = FNKS3UM2FT;
						TestTargetID = 737AE1461C5FEBBE00682DD8;
					};
					737AE16A1C5FEBBF00682DD8 = {
						CreatedOnToolsVersion = 7.2;
						DevelopmentTeam = FNKS3UM2FT;
						TestTargetID = 737AE1461C5FEBBE00682DD8;
					};
				};
			};
			buildConfigurationList = 737AE1421C5FEBBE00682DD8 /* Build configuration list for PBXProject "WebView Changing Sites with SegmentedControl" */;
			compatibilityVersion = "Xcode 3.2";
			developmentRegion = English;
			hasScannedForEncodings = 0;
			knownRegions = (
				en,
				Base,
			);
			mainGroup = 737AE13E1C5FEBBE00682DD8;
			productRefGroup = 737AE1481C5FEBBE00682DD8 /* Products */;
			projectDirPath = "";
			projectRoot = "";
			targets = (
				737AE1461C5FEBBE00682DD8 /* WebView Changing Sites with SegmentedControl */,
				737AE15F1C5FEBBF00682DD8 /* WebView Changing Sites with SegmentedControlTests */,
				737AE16A1C5FEBBF00682DD8 /* WebView Changing Sites with SegmentedControlUITests */,
			);
		};
/* End PBXProject section */

/* Begin PBXResourcesBuildPhase section */
		737AE1451C5FEBBE00682DD8 /* Resources */ = {
			isa = PBXResourcesBuildPhase;
			buildActionMask = 2147483647;
			files = (
				737AE15A1C5FEBBE00682DD8 /* LaunchScreen.storyboard in Resources */,
				737AE1571C5FEBBE00682DD8 /* Assets.xcassets in Resources */,
				737AE1551C5FEBBE00682DD8 /* Main.storyboard in Resources */,
			);
			runOnlyForDeploymentPostprocessing = 0;
		};
		737AE15E1C5FEBBF00682DD8 /* Resources */ = {
			isa = PBXResourcesBuildPhase;
			buildActionMask = 2147483647;
			files = (
			);
			runOnlyForDeploymentPostprocessing = 0;
		};
		737AE1691C5FEBBF00682DD8 /* Resources */ = {
			isa = PBXResourcesBuildPhase;
			buildActionMask = 2147483647;
			files = (
			);
			runOnlyForDeploymentPostprocessing = 0;
		};
/* End PBXResourcesBuildPhase section */

/* Begin PBXSourcesBuildPhase section */
		737AE1431C5FEBBE00682DD8 /* Sources */ = {
			isa = PBXSourcesBuildPhase;
			buildActionMask = 2147483647;
			files = (
				737AE1521C5FEBBE00682DD8 /* ViewController.m in Sources */,
				737AE14F1C5FEBBE00682DD8 /* AppDelegate.m in Sources */,
				737AE14C1C5FEBBE00682DD8 /* main.m in Sources */,
			);
			runOnlyForDeploymentPostprocessing = 0;
		};
		737AE15C1C5FEBBF00682DD8 /* Sources */ = {
			isa = PBXSourcesBuildPhase;
			buildActionMask = 2147483647;
			files = (
				737AE1651C5FEBBF00682DD8 /* WebView_Changing_Sites_with_SegmentedControlTests.m in Sources */,
			);
			runOnlyForDeploymentPostprocessing = 0;
		};
		737AE1671C5FEBBF00682DD8 /* Sources */ = {
			isa = PBXSourcesBuildPhase;
			buildActionMask = 2147483647;
			files = (
				737AE1701C5FEBBF00682DD8 /* WebView_Changing_Sites_with_SegmentedControlUITests.m in Sources */,
			);
			runOnlyForDeploymentPostprocessing = 0;
		};
/* End PBXSourcesBuildPhase section */

/* Begin PBXTargetDependency section */
		737AE1621C5FEBBF00682DD8 /* PBXTargetDependency */ = {
			isa = PBXTargetDependency;
			target = 737AE1461C5FEBBE00682DD8 /* WebView Changing Sites with SegmentedControl */;
			targetProxy = 737AE1611C5FEBBF00682DD8 /* PBXContainerItemProxy */;
		};
		737AE16D1C5FEBBF00682DD8 /* PBXTargetDependency */ = {
			isa = PBXTargetDependency;
			target = 737AE1461C5FEBBE00682DD8 /* WebView Changing Sites with SegmentedControl */;
			targetProxy = 737AE16C1C5FEBBF00682DD8 /* PBXContainerItemProxy */;
		};
/* End PBXTargetDependency section */

/* Begin PBXVariantGroup section */
		737AE1531C5FEBBE00682DD8 /* Main.storyboard */ = {
			isa = PBXVariantGroup;
			children = (
				737AE1541C5FEBBE00682DD8 /* Base */,
			);
			name = Main.storyboard;
			sourceTree = "<group>";
		};
		737AE1581C5FEBBE00682DD8 /* LaunchScreen.storyboard */ = {
			isa = PBXVariantGroup;
			children = (
				737AE1591C5FEBBE00682DD8 /* Base */,
			);
			name = LaunchScreen.storyboard;
			sourceTree = "<group>";
		};
/* End PBXVariantGroup section */

/* Begin XCBuildConfiguration section */
		737AE1721C5FEBBF00682DD8 /* Debug */ = {
			isa = XCBuildConfiguration;
			buildSettings = {
				ALWAYS_SEARCH_USER_PATHS = NO;
				CLANG_CXX_LANGUAGE_STANDARD = "gnu++0x";
				CLANG_CXX_LIBRARY = "libc++";
				CLANG_ENABLE_MODULES = YES;
				CLANG_ENABLE_OBJC_ARC = YES;
				CLANG_WARN_BOOL_CONVERSION = YES;
				CLANG_WARN_CONSTANT_CONVERSION = YES;
				CLANG_WARN_DIRECT_OBJC_ISA_USAGE = YES_ERROR;
				CLANG_WARN_EMPTY_BODY = YES;
				CLANG_WARN_ENUM_CONVERSION = YES;
				CLANG_WARN_INT_CONVERSION = YES;
				CLANG_WARN_OBJC_ROOT_CLASS = YES_ERROR;
				CLANG_WARN_UNREACHABLE_CODE = YES;
				CLANG_WARN__DUPLICATE_METHOD_MATCH = YES;
				"CODE_SIGN_IDENTITY[sdk=iphoneos*]" = "iPhone Developer";
				COPY_PHASE_STRIP = NO;
				DEBUG_INFORMATION_FORMAT = dwarf;
				ENABLE_STRICT_OBJC_MSGSEND = YES;
				ENABLE_TESTABILITY = YES;
				GCC_C_LANGUAGE_STANDARD = gnu99;
				GCC_DYNAMIC_NO_PIC = NO;
				GCC_NO_COMMON_BLOCKS = YES;
				GCC_OPTIMIZATION_LEVEL = 0;
				GCC_PREPROCESSOR_DEFINITIONS = (
					"DEBUG=1",
					"$(inherited)",
				);
				GCC_WARN_64_TO_32_BIT_CONVERSION = YES;
				GCC_WARN_ABOUT_RETURN_TYPE = YES_ERROR;
				GCC_WARN_UNDECLARED_SELECTOR = YES;
				GCC_WARN_UNINITIALIZED_AUTOS = YES_AGGRESSIVE;
				GCC_WARN_UNUSED_FUNCTION = YES;
				GCC_WARN_UNUSED_VARIABLE = YES;
				IPHONEOS_DEPLOYMENT_TARGET = 9.2;
				MTL_ENABLE_DEBUG_INFO = YES;
				ONLY_ACTIVE_ARCH = YES;
				SDKROOT = iphoneos;
			};
			name = Debug;
		};
		737AE1731C5FEBBF00682DD8 /* Release */ = {
			isa = XCBuildConfiguration;
			buildSettings = {
				ALWAYS_SEARCH_USER_PATHS = NO;
				CLANG_CXX_LANGUAGE_STANDARD = "gnu++0x";
				CLANG_CXX_LIBRARY = "libc++";
				CLANG_ENABLE_MODULES = YES;
				CLANG_ENABLE_OBJC_ARC = YES;
				CLANG_WARN_BOOL_CONVERSION = YES;
				CLANG_WARN_CONSTANT_CONVERSION = YES;
				CLANG_WARN_DIRECT_OBJC_ISA_USAGE = YES_ERROR;
				CLANG_WARN_EMPTY_BODY = YES;
				CLANG_WARN_ENUM_CONVERSION = YES;
				CLANG_WARN_INT_CONVERSION = YES;
				CLANG_WARN_OBJC_ROOT_CLASS = YES_ERROR;
				CLANG_WARN_UNREACHABLE_CODE = YES;
				CLANG_WARN__DUPLICATE_METHOD_MATCH = YES;
				"CODE_SIGN_IDENTITY[sdk=iphoneos*]" = "iPhone Developer";
				COPY_PHASE_STRIP = NO;
				DEBUG_INFORMATION_FORMAT = "dwarf-with-dsym";
				ENABLE_NS_ASSERTIONS = NO;
				ENABLE_STRICT_OBJC_MSGSEND = YES;
				GCC_C_LANGUAGE_STANDARD = gnu99;
				GCC_NO_COMMON_BLOCKS = YES;
				GCC_WARN_64_TO_32_BIT_CONVERSION = YES;
				GCC_WARN_ABOUT_RETURN_TYPE = YES_ERROR;
				GCC_WARN_UNDECLARED_SELECTOR = YES;
				GCC_WARN_UNINITIALIZED_AUTOS = YES_AGGRESSIVE;
				GCC_WARN_UNUSED_FUNCTION = YES;
				GCC_WARN_UNUSED_VARIABLE = YES;
				IPHONEOS_DEPLOYMENT_TARGET = 9.2;
				MTL_ENABLE_DEBUG_INFO = NO;
				SDKROOT = iphoneos;
				VALIDATE_PRODUCT = YES;
			};
			name = Release;
		};
		737AE1751C5FEBBF00682DD8 /* Debug */ = {
			isa = XCBuildConfiguration;
			buildSettings = {
				ASSETCATALOG_COMPILER_APPICON_NAME = AppIcon;
				INFOPLIST_FILE = "WebView Changing Sites with SegmentedControl/Info.plist";
				LD_RUNPATH_SEARCH_PATHS = "$(inherited) @executable_path/Frameworks";
				PRODUCT_BUNDLE_IDENTIFIER = "com.xalandk.WebView-Changing-Sites-with-SegmentedControl";
				PRODUCT_NAME = "$(TARGET_NAME)";
			};
			name = Debug;
		};
		737AE1761C5FEBBF00682DD8 /* Release */ = {
			isa = XCBuildConfiguration;
			buildSettings = {
				ASSETCATALOG_COMPILER_APPICON_NAME = AppIcon;
				INFOPLIST_FILE = "WebView Changing Sites with SegmentedControl/Info.plist";
				LD_RUNPATH_SEARCH_PATHS = "$(inherited) @executable_path/Frameworks";
				PRODUCT_BUNDLE_IDENTIFIER = "com.xalandk.WebView-Changing-Sites-with-SegmentedControl";
				PRODUCT_NAME = "$(TARGET_NAME)";
			};
			name = Release;
		};
		737AE1781C5FEBBF00682DD8 /* Debug */ = {
			isa = XCBuildConfiguration;
			buildSettings = {
				BUNDLE_LOADER = "$(TEST_HOST)";
				INFOPLIST_FILE = "WebView Changing Sites with SegmentedControlTests/Info.plist";
				LD_RUNPATH_SEARCH_PATHS = "$(inherited) @executable_path/Frameworks @loader_path/Frameworks";
				PRODUCT_BUNDLE_IDENTIFIER = "com.xalandk.WebView-Changing-Sites-with-SegmentedControlTests";
				PRODUCT_NAME = "$(TARGET_NAME)";
				TEST_HOST = "$(BUILT_PRODUCTS_DIR)/WebView Changing Sites with SegmentedControl.app/WebView Changing Sites with SegmentedControl";
			};
			name = Debug;
		};
		737AE1791C5FEBBF00682DD8 /* Release */ = {
			isa = XCBuildConfiguration;
			buildSettings = {
				BUNDLE_LOADER = "$(TEST_HOST)";
				INFOPLIST_FILE = "WebView Changing Sites with SegmentedControlTests/Info.plist";
				LD_RUNPATH_SEARCH_PATHS = "$(inherited) @executable_path/Frameworks @loader_path/Frameworks";
				PRODUCT_BUNDLE_IDENTIFIER = "com.xalandk.WebView-Changing-Sites-with-SegmentedControlTests";
				PRODUCT_NAME = "$(TARGET_NAME)";
				TEST_HOST = "$(BUILT_PRODUCTS_DIR)/WebView Changing Sites with SegmentedControl.app/WebView Changing Sites with SegmentedControl";
			};
			name = Release;
		};
		737AE17B1C5FEBBF00682DD8 /* Debug */ = {
			isa = XCBuildConfiguration;
			buildSettings = {
				INFOPLIST_FILE = "WebView Changing Sites with SegmentedControlUITests/Info.plist";
				LD_RUNPATH_SEARCH_PATHS = "$(inherited) @executable_path/Frameworks @loader_path/Frameworks";
				PRODUCT_BUNDLE_IDENTIFIER = "com.xalandk.WebView-Changing-Sites-with-SegmentedControlUITests";
				PRODUCT_NAME = "$(TARGET_NAME)";
				TEST_TARGET_NAME = "WebView Changing Sites with SegmentedControl";
				USES_XCTRUNNER = YES;
			};
			name = Debug;
		};
		737AE17C1C5FEBBF00682DD8 /* Release */ = {
			isa = XCBuildConfiguration;
			buildSettings = {
				INFOPLIST_FILE = "WebView Changing Sites with SegmentedControlUITests/Info.plist";
				LD_RUNPATH_SEARCH_PATHS = "$(inherited) @executable_path/Frameworks @loader_path/Frameworks";
				PRODUCT_BUNDLE_IDENTIFIER = "com.xalandk.WebView-Changing-Sites-with-SegmentedControlUITests";
				PRODUCT_NAME = "$(TARGET_NAME)";
				TEST_TARGET_NAME = "WebView Changing Sites with SegmentedControl";
				USES_XCTRUNNER = YES;
			};
			name = Release;
		};
/* End XCBuildConfiguration section */

/* Begin XCConfigurationList section */
		737AE1421C5FEBBE00682DD8 /* Build configuration list for PBXProject "WebView Changing Sites with SegmentedControl" */ = {
			isa = XCConfigurationList;
			buildConfigurations = (
				737AE1721C5FEBBF00682DD8 /* Debug */,
				737AE1731C5FEBBF00682DD8 /* Release */,
			);
			defaultConfigurationIsVisible = 0;
			defaultConfigurationName = Release;
		};
		737AE1741C5FEBBF00682DD8 /* Build configuration list for PBXNativeTarget "WebView Changing Sites with SegmentedControl" */ = {
			isa = XCConfigurationList;
			buildConfigurations = (
				737AE1751C5FEBBF00682DD8 /* Debug */,
				737AE1761C5FEBBF00682DD8 /* Release */,
			);
			defaultConfigurationIsVisible = 0;
		};
		737AE1771C5FEBBF00682DD8 /* Build configuration list for PBXNativeTarget "WebView Changing Sites with SegmentedControlTests" */ = {
			isa = XCConfigurationList;
			buildConfigurations = (
				737AE1781C5FEBBF00682DD8 /* Debug */,
				737AE1791C5FEBBF00682DD8 /* Release */,
			);
			defaultConfigurationIsVisible = 0;
		};
		737AE17A1C5FEBBF00682DD8 /* Build configuration list for PBXNativeTarget "WebView Changing Sites with SegmentedControlUITests" */ = {
			isa = XCConfigurationList;
			buildConfigurations = (
				737AE17B1C5FEBBF00682DD8 /* Debug */,
				737AE17C1C5FEBBF00682DD8 /* Release */,
			);
			defaultConfigurationIsVisible = 0;
		};
/* End XCConfigurationList section */
	};
	rootObject = 737AE13F1C5FEBBE00682DD8 /* Project object */;
}
